
Microsoft Visual Studio Solution File, Format Version 12.00
# Visual Studio 15
VisualStudioVersion = 15.0.28307.539
MinimumVisualStudioVersion = 10.0.40219.1
Project("{FAE04EC0-301F-11D3-BF4B-00C04F79EFBC}") = "SchacoRecorder", "GetVioce\SchacoRecorder.csproj", "{186CC20D-1043-4401-A4C2-91159DBAFEB3}"
EndProject
Project("{FAE04EC0-301F-11D3-BF4B-00C04F79EFBC}") = "SchacoVoiceCnversionByBaidu", "SachoSpeech\SchacoVoiceCnversionByBaidu.csproj", "{C24CD690-96D7-42AD-886A-0646D369473B}"
EndProject
Project("{FAE04EC0-301F-11D3-BF4B-00C04F79EFBC}") = "Test", "Test\Test.csproj", "{16DA0586-47C4-47C1-AFBF-36DB59FFF38E}"
EndProject
Global
	GlobalSection(SolutionConfigurationPlatforms) = preSolution
		Debug|Any CPU = Debug|Any CPU
		Release|Any CPU = Release|Any CPU
	EndGlobalSection
	GlobalSection(ProjectConfigurationPlatforms) = postSolution
		{186CC20D-1043-4401-A4C2-91159DBAFEB3}.Debug|Any CPU.ActiveCfg = Debug|Any CPU
		{186CC20D-1043-4401-A4C2-91159DBAFEB3}.Debug|Any CPU.Build.0 = Debug|Any CPU
		{186CC20D-1043-4401-A4C2-91159DBAFEB3}.Release|Any CPU.ActiveCfg = Release|Any CPU
		{186CC20D-1043-4401-A4C2-91159DBAFEB3}.Release|Any CPU.Build.0 = Release|Any CPU
		{C24CD690-96D7-42AD-886A-0646D369473B}.Debug|Any CPU.ActiveCfg = Debug|Any CPU
		{C24CD690-96D7-42AD-886A-0646D369473B}.Debug|Any CPU.Build.0 = Debug|Any CPU
		{C24CD690-96D7-42AD-886A-0646D369473B}.Release|Any CPU.ActiveCfg = Release|Any CPU
		{C24CD690-96D7-42AD-886A-0646D369473B}.Release|Any CPU.Build.0 = Release|Any CPU
		{16DA0586-47C4-47C1-AFBF-36DB59FFF38E}.Debug|Any CPU.ActiveCfg = Debug|Any CPU
		{16DA0586-47C4-47C1-AFBF-36DB59FFF38E}.Debug|Any CPU.Build.0 = Debug|Any CPU
		{16DA0586-47C4-47C1-AFBF-36DB59FFF38E}.Release|Any CPU.ActiveCfg = Release|Any CPU
		{16DA0586-47C4-47C1-AFBF-36DB59FFF38E}.Release|Any CPU.Build.0 = Release|Any CPU
	EndGlobalSection
	GlobalSection(SolutionProperties) = preSolution
		HideSolutionNode = FALSE
	EndGlobalSection
	GlobalSection(ExtensibilityGlobals) = postSolution
		SolutionGuid = {1902F824-B748-498C-A6F6-2FA9BCEAB6E9}
	EndGlobalSection
EndGlobal
